
Microsoft Visual Studio Solution File, Format Version 12.00
# Visual Studio 15
VisualStudioVersion = 15.0.28307.645
MinimumVisualStudioVersion = 10.0.40219.1
Project("{FAE04EC0-301F-11D3-BF4B-00C04F79EFBC}") = "WebAppMVCFileUpload", "WebAppMVCFileUpload\WebAppMVCFileUpload.csproj", "{6FE48870-DAE5-4F0E-A59A-73C7671C3778}"
EndProject
Global
	GlobalSection(SolutionConfigurationPlatforms) = preSolution
		Debug|Any CPU = Debug|Any CPU
		Release|Any CPU = Release|Any CPU
	EndGlobalSection
	GlobalSection(ProjectConfigurationPlatforms) = postSolution
		{6FE48870-DAE5-4F0E-A59A-73C7671C3778}.Debug|Any CPU.ActiveCfg = Debug|Any CPU
		{6FE48870-DAE5-4F0E-A59A-73C7671C3778}.Debug|Any CPU.Build.0 = Debug|Any CPU
		{6FE48870-DAE5-4F0E-A59A-73C7671C3778}.Release|Any CPU.ActiveCfg = Release|Any CPU
		{6FE48870-DAE5-4F0E-A59A-73C7671C3778}.Release|Any CPU.Build.0 = Release|Any CPU
	EndGlobalSection
	GlobalSection(SolutionProperties) = preSolution
		HideSolutionNode = FALSE
	EndGlobalSection
	GlobalSection(ExtensibilityGlobals) = postSolution
		SolutionGuid = {C26D014E-535B-4016-BD79-A9CF40A951C7}
	EndGlobalSection
EndGlobal
